{
  "nodes": {
    "nixpkgs": {
      "locked": {
        "lastModified": 1768127708,
        "narHash": "sha256-1Sm77VfZh3mU0F5OqKABNLWxOuDeHIlcFjsXeeiPazs=",
        "owner": "NixOS",
        "repo": "nixpkgs",
        "rev": "ffbc9f8cbaacfb331b6017d5a5abb21a492c9a38",
        "type": "github"
      },
      "original": {
        "owner": "NixOS",
        "ref": "nixos-unstable",
        "repo": "nixpkgs",
        "type": "github"
      }
    },
    "nixpkgs-prism": {
      "locked": {
        "lastModified": 1767813412,
        "narHash": "sha256-8H7t5QVRktsWxUuuy6Mdo9s/QjwJQgNdzKfHJQHt40c=",
        "owner": "NixOS",
        "repo": "nixpkgs",
        "rev": "eeba9971860b0b97c5d95f209e876327c777fee4",
        "type": "github"
      },
      "original": {
        "owner": "NixOS",
        "repo": "nixpkgs",
        "rev": "eeba9971860b0b97c5d95f209e876327c777fee4",
        "type": "github"
      }
    },
    "root": {
      "inputs": {
        "nixpkgs": "nixpkgs",
        "nixpkgs-prism": "nixpkgs-prism"
      }
    }
  },
  "root": "root",
  "version": 7
}
